
Microsoft Visual Studio Solution File, Format Version 12.00
# Visual Studio Version 17
VisualStudioVersion = 17.11.35327.3
MinimumVisualStudioVersion = 10.0.40219.1
Project("{FAE04EC0-301F-11D3-BF4B-00C04F79EFBC}") = "Polymorphism", "Polymorphism\Polymorphism.csproj", "{C9E799B2-CF07-4872-8E7A-88127DF129EE}"
EndProject
Global
	GlobalSection(SolutionConfigurationPlatforms) = preSolution
		Debug|Any CPU = Debug|Any CPU
		Release|Any CPU = Release|Any CPU
	EndGlobalSection
	GlobalSection(ProjectConfigurationPlatforms) = postSolution
		{C9E799B2-CF07-4872-8E7A-88127DF129EE}.Debug|Any CPU.ActiveCfg = Debug|Any CPU
		{C9E799B2-CF07-4872-8E7A-88127DF129EE}.Debug|Any CPU.Build.0 = Debug|Any CPU
		{C9E799B2-CF07-4872-8E7A-88127DF129EE}.Release|Any CPU.ActiveCfg = Release|Any CPU
		{C9E799B2-CF07-4872-8E7A-88127DF129EE}.Release|Any CPU.Build.0 = Release|Any CPU
	EndGlobalSection
	GlobalSection(SolutionProperties) = preSolution
		HideSolutionNode = FALSE
	EndGlobalSection
	GlobalSection(ExtensibilityGlobals) = postSolution
		SolutionGuid = {ED70725B-7212-4D1B-9512-8002F4F8034D}
	EndGlobalSection
EndGlobal
